
Microsoft Visual Studio Solution File, Format Version 12.00
# Visual Studio 15
VisualStudioVersion = 15.0.26430.14
MinimumVisualStudioVersion = 10.0.40219.1
Project("{9092AA53-FB77-4645-B42D-1CCCA6BD08BD}") = "JohnBur", "JohnBur\JohnBur.njsproj", "{38405044-AE87-4D74-BC6A-4F17CB550869}"
EndProject
Global
	GlobalSection(SolutionConfigurationPlatforms) = preSolution
		Debug|Any CPU = Debug|Any CPU
		Release|Any CPU = Release|Any CPU
	EndGlobalSection
	GlobalSection(ProjectConfigurationPlatforms) = postSolution
		{38405044-AE87-4D74-BC6A-4F17CB550869}.Debug|Any CPU.ActiveCfg = Debug|Any CPU
		{38405044-AE87-4D74-BC6A-4F17CB550869}.Debug|Any CPU.Build.0 = Debug|Any CPU
		{38405044-AE87-4D74-BC6A-4F17CB550869}.Release|Any CPU.ActiveCfg = Release|Any CPU
		{38405044-AE87-4D74-BC6A-4F17CB550869}.Release|Any CPU.Build.0 = Release|Any CPU
	EndGlobalSection
	GlobalSection(SolutionProperties) = preSolution
		HideSolutionNode = FALSE
	EndGlobalSection
EndGlobal
